
Microsoft Visual Studio Solution File, Format Version 12.00
# Visual Studio 15
VisualStudioVersion = 15.0.27703.2000
MinimumVisualStudioVersion = 10.0.40219.1
Project("{FAE04EC0-301F-11D3-BF4B-00C04F79EFBC}") = "HelloVectors", "HelloVectors\HelloVectors.csproj", "{DA05737A-61BC-42D5-B560-C3D876EC405D}"
EndProject
Project("{8BC9CEB8-8B4A-11D0-8D11-00A0C91BC942}") = "HelloVectors_cpp", "HelloVectors_cpp\HelloVectors_cpp.vcxproj", "{16D653F5-E0DA-41EB-BB79-A4164116268A}"
EndProject
Project("{8BC9CEB8-8B4A-11D0-8D11-00A0C91BC942}") = "HelloVectors_win32_cpp", "HelloVectors_win32_cpp\HelloVectors_win32_cpp.vcxproj", "{836E29C1-61B8-46F2-9BA9-DDC3DE7C44BB}"
EndProject
Project("{FAE04EC0-301F-11D3-BF4B-00C04F79EFBC}") = "HelloAnimatedVisualPlayer", "HelloAnimatedVisualPlayer\HelloAnimatedVisualPlayer.csproj", "{C2B0965D-D9A6-4E38-B471-2F85E3701C35}"
EndProject
Project("{8BC9CEB8-8B4A-11D0-8D11-00A0C91BC942}") = "HelloAnimatedVisualPlayer_cpp", "HelloAnimatedVisualPlayer_cpp\HelloAnimatedVisualPlayer_cpp.vcxproj", "{1C2916ED-A10B-49E6-869D-91659398FCD0}"
EndProject
Global
	GlobalSection(SolutionConfigurationPlatforms) = preSolution
		Debug|ARM = Debug|ARM
		Debug|ARM64 = Debug|ARM64
		Debug|x64 = Debug|x64
		Debug|x86 = Debug|x86
		Release|ARM = Release|ARM
		Release|ARM64 = Release|ARM64
		Release|x64 = Release|x64
		Release|x86 = Release|x86
	EndGlobalSection
	GlobalSection(ProjectConfigurationPlatforms) = postSolution
		{DA05737A-61BC-42D5-B560-C3D876EC405D}.Debug|ARM.ActiveCfg = Debug|ARM
		{DA05737A-61BC-42D5-B560-C3D876EC405D}.Debug|ARM.Build.0 = Debug|ARM
		{DA05737A-61BC-42D5-B560-C3D876EC405D}.Debug|ARM.Deploy.0 = Debug|ARM
		{DA05737A-61BC-42D5-B560-C3D876EC405D}.Debug|ARM64.ActiveCfg = Debug|x86
		{DA05737A-61BC-42D5-B560-C3D876EC405D}.Debug|x64.ActiveCfg = Debug|x64
		{DA05737A-61BC-42D5-B560-C3D876EC405D}.Debug|x86.ActiveCfg = Debug|x86
		{DA05737A-61BC-42D5-B560-C3D876EC405D}.Debug|x86.Build.0 = Debug|x86
		{DA05737A-61BC-42D5-B560-C3D876EC405D}.Debug|x86.Deploy.0 = Debug|x86
		{DA05737A-61BC-42D5-B560-C3D876EC405D}.Release|ARM.ActiveCfg = Release|ARM
		{DA05737A-61BC-42D5-B560-C3D876EC405D}.Release|ARM.Build.0 = Release|ARM
		{DA05737A-61BC-42D5-B560-C3D876EC405D}.Release|ARM.Deploy.0 = Release|ARM
		{DA05737A-61BC-42D5-B560-C3D876EC405D}.Release|ARM64.ActiveCfg = Release|x86
		{DA05737A-61BC-42D5-B560-C3D876EC405D}.Release|x64.ActiveCfg = Release|x64
		{DA05737A-61BC-42D5-B560-C3D876EC405D}.Release|x64.Build.0 = Release|x64
		{DA05737A-61BC-42D5-B560-C3D876EC405D}.Release|x64.Deploy.0 = Release|x64
		{DA05737A-61BC-42D5-B560-C3D876EC405D}.Release|x86.ActiveCfg = Release|x86
		{DA05737A-61BC-42D5-B560-C3D876EC405D}.Release|x86.Build.0 = Release|x86
		{DA05737A-61BC-42D5-B560-C3D876EC405D}.Release|x86.Deploy.0 = Release|x86
		{16D653F5-E0DA-41EB-BB79-A4164116268A}.Debug|ARM.ActiveCfg = Debug|ARM
		{16D653F5-E0DA-41EB-BB79-A4164116268A}.Debug|ARM.Build.0 = Debug|ARM
		{16D653F5-E0DA-41EB-BB79-A4164116268A}.Debug|ARM.Deploy.0 = Debug|ARM
		{16D653F5-E0DA-41EB-BB79-A4164116268A}.Debug|ARM64.ActiveCfg = Debug|Win32
		{16D653F5-E0DA-41EB-BB79-A4164116268A}.Debug|x64.ActiveCfg = Debug|x64
		{16D653F5-E0DA-41EB-BB79-A4164116268A}.Debug|x86.ActiveCfg = Debug|Win32
		{16D653F5-E0DA-41EB-BB79-A4164116268A}.Debug|x86.Build.0 = Debug|Win32
		{16D653F5-E0DA-41EB-BB79-A4164116268A}.Debug|x86.Deploy.0 = Debug|Win32
		{16D653F5-E0DA-41EB-BB79-A4164116268A}.Release|ARM.ActiveCfg = Release|ARM
		{16D653F5-E0DA-41EB-BB79-A4164116268A}.Release|ARM.Build.0 = Release|ARM
		{16D653F5-E0DA-41EB-BB79-A4164116268A}.Release|ARM.Deploy.0 = Release|ARM
		{16D653F5-E0DA-41EB-BB79-A4164116268A}.Release|ARM64.ActiveCfg = Release|Win32
		{16D653F5-E0DA-41EB-BB79-A4164116268A}.Release|x64.ActiveCfg = Release|x64
		{16D653F5-E0DA-41EB-BB79-A4164116268A}.Release|x64.Build.0 = Release|x64
		{16D653F5-E0DA-41EB-BB79-A4164116268A}.Release|x64.Deploy.0 = Release|x64
		{16D653F5-E0DA-41EB-BB79-A4164116268A}.Release|x86.ActiveCfg = Release|Win32
		{16D653F5-E0DA-41EB-BB79-A4164116268A}.Release|x86.Build.0 = Release|Win32
		{16D653F5-E0DA-41EB-BB79-A4164116268A}.Release|x86.Deploy.0 = Release|Win32
		{836E29C1-61B8-46F2-9BA9-DDC3DE7C44BB}.Debug|ARM.ActiveCfg = Debug|Win32
		{836E29C1-61B8-46F2-9BA9-DDC3DE7C44BB}.Debug|ARM64.ActiveCfg = Debug|Win32
		{836E29C1-61B8-46F2-9BA9-DDC3DE7C44BB}.Debug|x64.ActiveCfg = Debug|x64
		{836E29C1-61B8-46F2-9BA9-DDC3DE7C44BB}.Debug|x86.ActiveCfg = Debug|Win32
		{836E29C1-61B8-46F2-9BA9-DDC3DE7C44BB}.Debug|x86.Build.0 = Debug|Win32
		{836E29C1-61B8-46F2-9BA9-DDC3DE7C44BB}.Release|ARM.ActiveCfg = Release|Win32
		{836E29C1-61B8-46F2-9BA9-DDC3DE7C44BB}.Release|ARM64.ActiveCfg = Release|Win32
		{836E29C1-61B8-46F2-9BA9-DDC3DE7C44BB}.Release|x64.ActiveCfg = Release|x64
		{836E29C1-61B8-46F2-9BA9-DDC3DE7C44BB}.Release|x64.Build.0 = Release|x64
		{836E29C1-61B8-46F2-9BA9-DDC3DE7C44BB}.Release|x86.ActiveCfg = Release|Win32
		{836E29C1-61B8-46F2-9BA9-DDC3DE7C44BB}.Release|x86.Build.0 = Release|Win32
		{C2B0965D-D9A6-4E38-B471-2F85E3701C35}.Debug|ARM.ActiveCfg = Debug|ARM
		{C2B0965D-D9A6-4E38-B471-2F85E3701C35}.Debug|ARM.Build.0 = Debug|ARM
		{C2B0965D-D9A6-4E38-B471-2F85E3701C35}.Debug|ARM.Deploy.0 = Debug|ARM
		{C2B0965D-D9A6-4E38-B471-2F85E3701C35}.Debug|ARM64.ActiveCfg = Debug|ARM64
		{C2B0965D-D9A6-4E38-B471-2F85E3701C35}.Debug|ARM64.Build.0 = Debug|ARM64
		{C2B0965D-D9A6-4E38-B471-2F85E3701C35}.Debug|ARM64.Deploy.0 = Debug|ARM64
		{C2B0965D-D9A6-4E38-B471-2F85E3701C35}.Debug|x64.ActiveCfg = Debug|x64
		{C2B0965D-D9A6-4E38-B471-2F85E3701C35}.Debug|x64.Build.0 = Debug|x64
		{C2B0965D-D9A6-4E38-B471-2F85E3701C35}.Debug|x64.Deploy.0 = Debug|x64
		{C2B0965D-D9A6-4E38-B471-2F85E3701C35}.Debug|x86.ActiveCfg = Debug|x86
		{C2B0965D-D9A6-4E38-B471-2F85E3701C35}.Debug|x86.Build.0 = Debug|x86
		{C2B0965D-D9A6-4E38-B471-2F85E3701C35}.Debug|x86.Deploy.0 = Debug|x86
		{C2B0965D-D9A6-4E38-B471-2F85E3701C35}.Release|ARM.ActiveCfg = Release|ARM
		{C2B0965D-D9A6-4E38-B471-2F85E3701C35}.Release|ARM.Build.0 = Release|ARM
		{C2B0965D-D9A6-4E38-B471-2F85E3701C35}.Release|ARM.Deploy.0 = Release|ARM
		{C2B0965D-D9A6-4E38-B471-2F85E3701C35}.Release|ARM64.ActiveCfg = Release|ARM64
		{C2B0965D-D9A6-4E38-B471-2F85E3701C35}.Release|ARM64.Build.0 = Release|ARM64
		{C2B0965D-D9A6-4E38-B471-2F85E3701C35}.Release|ARM64.Deploy.0 = Release|ARM64
		{C2B0965D-D9A6-4E38-B471-2F85E3701C35}.Release|x64.ActiveCfg = Release|x64
		{C2B0965D-D9A6-4E38-B471-2F85E3701C35}.Release|x64.Build.0 = Release|x64
		{C2B0965D-D9A6-4E38-B471-2F85E3701C35}.Release|x64.Deploy.0 = Release|x64
		{C2B0965D-D9A6-4E38-B471-2F85E3701C35}.Release|x86.ActiveCfg = Release|x86
		{C2B0965D-D9A6-4E38-B471-2F85E3701C35}.Release|x86.Build.0 = Release|x86
		{C2B0965D-D9A6-4E38-B471-2F85E3701C35}.Release|x86.Deploy.0 = Release|x86
		{1C2916ED-A10B-49E6-869D-91659398FCD0}.Debug|ARM.ActiveCfg = Debug|ARM
		{1C2916ED-A10B-49E6-869D-91659398FCD0}.Debug|ARM.Build.0 = Debug|ARM
		{1C2916ED-A10B-49E6-869D-91659398FCD0}.Debug|ARM.Deploy.0 = Debug|ARM
		{1C2916ED-A10B-49E6-869D-91659398FCD0}.Debug|ARM64.ActiveCfg = Debug|Win32
		{1C2916ED-A10B-49E6-869D-91659398FCD0}.Debug|x64.ActiveCfg = Debug|x64
		{1C2916ED-A10B-49E6-869D-91659398FCD0}.Debug|x64.Build.0 = Debug|x64
		{1C2916ED-A10B-49E6-869D-91659398FCD0}.Debug|x64.Deploy.0 = Debug|x64
		{1C2916ED-A10B-49E6-869D-91659398FCD0}.Debug|x86.ActiveCfg = Debug|Win32
		{1C2916ED-A10B-49E6-869D-91659398FCD0}.Debug|x86.Build.0 = Debug|Win32
		{1C2916ED-A10B-49E6-869D-91659398FCD0}.Debug|x86.Deploy.0 = Debug|Win32
		{1C2916ED-A10B-49E6-869D-91659398FCD0}.Release|ARM.ActiveCfg = Release|ARM
		{1C2916ED-A10B-49E6-869D-91659398FCD0}.Release|ARM.Build.0 = Release|ARM
		{1C2916ED-A10B-49E6-869D-91659398FCD0}.Release|ARM.Deploy.0 = Release|ARM
		{1C2916ED-A10B-49E6-869D-91659398FCD0}.Release|ARM64.ActiveCfg = Release|Win32
		{1C2916ED-A10B-49E6-869D-91659398FCD0}.Release|x64.ActiveCfg = Release|x64
		{1C2916ED-A10B-49E6-869D-91659398FCD0}.Release|x64.Build.0 = Release|x64
		{1C2916ED-A10B-49E6-869D-91659398FCD0}.Release|x64.Deploy.0 = Release|x64
		{1C2916ED-A10B-49E6-869D-91659398FCD0}.Release|x86.ActiveCfg = Release|Win32
		{1C2916ED-A10B-49E6-869D-91659398FCD0}.Release|x86.Build.0 = Release|Win32
		{1C2916ED-A10B-49E6-869D-91659398FCD0}.Release|x86.Deploy.0 = Release|Win32
	EndGlobalSection
	GlobalSection(SolutionProperties) = preSolution
		HideSolutionNode = FALSE
	EndGlobalSection
	GlobalSection(ExtensibilityGlobals) = postSolution
		SolutionGuid = {10F7A599-8095-4CB7-84A4-E026BA6C080C}
	EndGlobalSection
EndGlobal
