<?xml version="1.0" encoding="utf-8"?>
<Project ToolsVersion="4.0" xmlns="http://schemas.microsoft.com/developer/msbuild/2003">
  <ItemGroup>
    <ClInclude Include="desktopcompositionwindow.h" />
    <ClInclude Include="pch.h" />
    <ClInclude Include="LottieLogo1.h" />
  </ItemGroup>
  <ItemGroup>
    <ClCompile Include="HelloVectors_win32.cpp" />
    <ClCompile Include="pch.cpp" />
    <ClCompile Include="LottieLogo1.cpp" />
  </ItemGroup>
  <ItemGroup>
    <Filter Include="ToolOutput">
      <UniqueIdentifier>{97a890ed-d228-4ca4-9494-dbed79232175}</UniqueIdentifier>
    </Filter>
  </ItemGroup>
  <ItemGroup>
    <Manifest Include="HelloVectors.exe.manifest" />
  </ItemGroup>
  <ItemGroup>
    <None Include="packages.config" />
  </ItemGroup>
</Project>